# THIS IS AN AUTOGENERATED FILE. DO NOT EDIT THIS FILE DIRECTLY.
# yarn lockfile v1


"@babel/helper-plugin-utils@^7.10.4":
  version "7.10.4"
  resolved "https://registry.npm.taobao.org/@babel/helper-plugin-utils/download/@babel/helper-plugin-utils-7.10.4.tgz?cache=0&sync_timestamp=1593521148758&other_urls=https%3A%2F%2Fregistry.npm.taobao.org%2F%40babel%2Fhelper-plugin-utils%2Fdownload%2F%40babel%2Fhelper-plugin-utils-7.10.4.tgz#2f75a831269d4f677de49986dff59927533cf375"
  integrity sha1-L3WoMSadT2d95JmG3/WZJ1M883U=

"@babel/plugin-syntax-jsx@^7.12.1":
  version "7.12.1"
  resolved "https://registry.npm.taobao.org/@babel/plugin-syntax-jsx/download/@babel/plugin-syntax-jsx-7.12.1.tgz?cache=0&sync_timestamp=1602799816652&other_urls=https%3A%2F%2Fregistry.npm.taobao.org%2F%40babel%2Fplugin-syntax-jsx%2Fdownload%2F%40babel%2Fplugin-syntax-jsx-7.12.1.tgz#9d9d357cc818aa7ae7935917c1257f67677a0926"
  integrity sha1-nZ01fMgYqnrnk1kXwSV/Z2d6CSY=
  dependencies:
    "@babel/helper-plugin-utils" "^7.10.4"
